
Microsoft Visual Studio Solution File, Format Version 12.00
# Visual Studio Version 16
VisualStudioVersion = 16.0.31624.102
MinimumVisualStudioVersion = 10.0.40219.1
Project("{9A19103F-16F7-4668-BE54-9A1E7A4F7556}") = "LSE.Catalog.API", "src\LSE.Catalog.API\LSE.Catalog.API.csproj", "{2925DE39-2B75-437F-9E3C-9111ACA573AC}"
EndProject
Project("{9A19103F-16F7-4668-BE54-9A1E7A4F7556}") = "LSE.Catalog.Domain", "src\LSE.Catalog.Domain\LSE.Catalog.Domain.csproj", "{FDAEB860-0724-4373-9DCD-032660092F36}"
EndProject
Project("{9A19103F-16F7-4668-BE54-9A1E7A4F7556}") = "LSE.Catalog.Infrastructure", "src\LSE.Catalog.Infrastructure\LSE.Catalog.Infrastructure.csproj", "{DBEB247C-81D1-4264-AFD5-AC74FC3FB25B}"
EndProject
Global
	GlobalSection(SolutionConfigurationPlatforms) = preSolution
		Debug|Any CPU = Debug|Any CPU
		Release|Any CPU = Release|Any CPU
	EndGlobalSection
	GlobalSection(ProjectConfigurationPlatforms) = postSolution
		{2925DE39-2B75-437F-9E3C-9111ACA573AC}.Debug|Any CPU.ActiveCfg = Debug|Any CPU
		{2925DE39-2B75-437F-9E3C-9111ACA573AC}.Debug|Any CPU.Build.0 = Debug|Any CPU
		{2925DE39-2B75-437F-9E3C-9111ACA573AC}.Release|Any CPU.ActiveCfg = Release|Any CPU
		{2925DE39-2B75-437F-9E3C-9111ACA573AC}.Release|Any CPU.Build.0 = Release|Any CPU
		{FDAEB860-0724-4373-9DCD-032660092F36}.Debug|Any CPU.ActiveCfg = Debug|Any CPU
		{FDAEB860-0724-4373-9DCD-032660092F36}.Debug|Any CPU.Build.0 = Debug|Any CPU
		{FDAEB860-0724-4373-9DCD-032660092F36}.Release|Any CPU.ActiveCfg = Release|Any CPU
		{FDAEB860-0724-4373-9DCD-032660092F36}.Release|Any CPU.Build.0 = Release|Any CPU
		{DBEB247C-81D1-4264-AFD5-AC74FC3FB25B}.Debug|Any CPU.ActiveCfg = Debug|Any CPU
		{DBEB247C-81D1-4264-AFD5-AC74FC3FB25B}.Debug|Any CPU.Build.0 = Debug|Any CPU
		{DBEB247C-81D1-4264-AFD5-AC74FC3FB25B}.Release|Any CPU.ActiveCfg = Release|Any CPU
		{DBEB247C-81D1-4264-AFD5-AC74FC3FB25B}.Release|Any CPU.Build.0 = Release|Any CPU
	EndGlobalSection
	GlobalSection(SolutionProperties) = preSolution
		HideSolutionNode = FALSE
	EndGlobalSection
	GlobalSection(ExtensibilityGlobals) = postSolution
		SolutionGuid = {8C27E875-6839-4F8F-A629-3AC98EDD67E3}
	EndGlobalSection
EndGlobal
